// !$*UTF8*$!
{
	archiveVersion = 1;
	classes = {
	};
	objectVersion = 50;
	objects = {

/* Begin PBXBuildFile section */
		0B176F042692E54500371853 /* LeaderboardVC.swift in Sources */ = {isa = PBXBuildFile; fileRef = 0B176F032692E54500371853 /* LeaderboardVC.swift */; };
		0B247E8F268DC58100B67305 /* AppDelegate.swift in Sources */ = {isa = PBXBuildFile; fileRef = 0B247E8E268DC58100B67305 /* AppDelegate.swift */; };
		0B247E91268DC58100B67305 /* ViewController.swift in Sources */ = {isa = PBXBuildFile; fileRef = 0B247E90268DC58100B67305 /* ViewController.swift */; };
		0B247E94268DC58100B67305 /* Main.storyboard in Resources */ = {isa = PBXBuildFile; fileRef = 0B247E92268DC58100B67305 /* Main.storyboard */; };
		0B247E96268DC58800B67305 /* Assets.xcassets in Resources */ = {isa = PBXBuildFile; fileRef = 0B247E95268DC58800B67305 /* Assets.xcassets */; };
		0B247E99268DC58800B67305 /* LaunchScreen.storyboard in Resources */ = {isa = PBXBuildFile; fileRef = 0B247E97268DC58800B67305 /* LaunchScreen.storyboard */; };
		0B247EA1268DCF4500B67305 /* extension.swift in Sources */ = {isa = PBXBuildFile; fileRef = 0B247EA0268DCF4500B67305 /* extension.swift */; };
/* End PBXBuildFile section */

/* Begin PBXFileReference section */
		0B176F032692E54500371853 /* LeaderboardVC.swift */ = {isa = PBXFileReference; lastKnownFileType = sourcecode.swift; path = LeaderboardVC.swift; sourceTree = "<group>"; };
		0B247E8B268DC58100B67305 /* TapitGesture-UserDefault.app */ = {isa = PBXFileReference; explicitFileType = wrapper.application; includeInIndex = 0; path = "TapitGesture-UserDefault.app"; sourceTree = BUILT_PRODUCTS_DIR; };
		0B247E8E268DC58100B67305 /* AppDelegate.swift */ = {isa = PBXFileReference; lastKnownFileType = sourcecode.swift; path = AppDelegate.swift; sourceTree = "<group>"; };
		0B247E90268DC58100B67305 /* ViewController.swift */ = {isa = PBXFileReference; lastKnownFileType = sourcecode.swift; path = ViewController.swift; sourceTree = "<group>"; };
		0B247E93268DC58100B67305 /* Base */ = {isa = PBXFileReference; lastKnownFileType = file.storyboard; name = Base; path = Base.lproj/Main.storyboard; sourceTree = "<group>"; };
		0B247E95268DC58800B67305 /* Assets.xcassets */ = {isa = PBXFileReference; lastKnownFileType = folder.assetcatalog; path = Assets.xcassets; sourceTree = "<group>"; };
		0B247E98268DC58800B67305 /* Base */ = {isa = PBXFileReference; lastKnownFileType = file.storyboard; name = Base; path = Base.lproj/LaunchScreen.storyboard; sourceTree = "<group>"; };
		0B247E9A268DC58800B67305 /* Info.plist */ = {isa = PBXFileReference; lastKnownFileType = text.plist.xml; path = Info.plist; sourceTree = "<group>"; };
		0B247EA0268DCF4500B67305 /* extension.swift */ = {isa = PBXFileReference; lastKnownFileType = sourcecode.swift; path = extension.swift; sourceTree = "<group>"; };
/* End PBXFileReference section */

/* Begin PBXFrameworksBuildPhase section */
		0B247E88268DC58100B67305 /* Frameworks */ = {
			isa = PBXFrameworksBuildPhase;
			buildActionMask = 2147483647;
			files = (
			);
			runOnlyForDeploymentPostprocessing = 0;
		};
/* End PBXFrameworksBuildPhase section */

/* Begin PBXGroup section */
		0B247E82268DC58100B67305 = {
			isa = PBXGroup;
			children = (
				0B247E8D268DC58100B67305 /* TapitGesture-UserDefault */,
				0B247E8C268DC58100B67305 /* Products */,
			);
			sourceTree = "<group>";
		};
		0B247E8C268DC58100B67305 /* Products */ = {
			isa = PBXGroup;
			children = (
				0B247E8B268DC58100B67305 /* TapitGesture-UserDefault.app */,
			);
			name = Products;
			sourceTree = "<group>";
		};
		0B247E8D268DC58100B67305 /* TapitGesture-UserDefault */ = {
			isa = PBXGroup;
			children = (
				0B247E8E268DC58100B67305 /* AppDelegate.swift */,
				0B247E90268DC58100B67305 /* ViewController.swift */,
				0B247E92268DC58100B67305 /* Main.storyboard */,
				0B247E95268DC58800B67305 /* Assets.xcassets */,
				0B247E97268DC58800B67305 /* LaunchScreen.storyboard */,
				0B247E9A268DC58800B67305 /* Info.plist */,
				0B247EA0268DCF4500B67305 /* extension.swift */,
				0B176F032692E54500371853 /* LeaderboardVC.swift */,
			);
			path = "TapitGesture-UserDefault";
			sourceTree = "<group>";
		};
/* End PBXGroup section */

/* Begin PBXNativeTarget section */
		0B247E8A268DC58100B67305 /* TapitGesture-UserDefault */ = {
			isa = PBXNativeTarget;
			buildConfigurationList = 0B247E9D268DC58800B67305 /* Build configuration list for PBXNativeTarget "TapitGesture-UserDefault" */;
			buildPhases = (
				0B247E87268DC58100B67305 /* Sources */,
				0B247E88268DC58100B67305 /* Frameworks */,
				0B247E89268DC58100B67305 /* Resources */,
			);
			buildRules = (
			);
			dependencies = (
			);
			name = "TapitGesture-UserDefault";
			productName = "TapitGesture-UserDefault";
			productReference = 0B247E8B268DC58100B67305 /* TapitGesture-UserDefault.app */;
			productType = "com.apple.product-type.application";
		};
/* End PBXNativeTarget section */

/* Begin PBXProject section */
		0B247E83268DC58100B67305 /* Project object */ = {
			isa = PBXProject;
			attributes = {
				LastSwiftUpdateCheck = 1020;
				LastUpgradeCheck = 1020;
				ORGANIZATIONNAME = DCS;
				TargetAttributes = {
					0B247E8A268DC58100B67305 = {
						CreatedOnToolsVersion = 10.2.1;
					};
				};
			};
			buildConfigurationList = 0B247E86268DC58100B67305 /* Build configuration list for PBXProject "TapitGesture-UserDefault" */;
			compatibilityVersion = "Xcode 9.3";
			developmentRegion = en;
			hasScannedForEncodings = 0;
			knownRegions = (
				en,
				Base,
			);
			mainGroup = 0B247E82268DC58100B67305;
			productRefGroup = 0B247E8C268DC58100B67305 /* Products */;
			projectDirPath = "";
			projectRoot = "";
			targets = (
				0B247E8A268DC58100B67305 /* TapitGesture-UserDefault */,
			);
		};
/* End PBXProject section */

/* Begin PBXResourcesBuildPhase section */
		0B247E89268DC58100B67305 /* Resources */ = {
			isa = PBXResourcesBuildPhase;
			buildActionMask = 2147483647;
			files = (
				0B247E99268DC58800B67305 /* LaunchScreen.storyboard in Resources */,
				0B247E96268DC58800B67305 /* Assets.xcassets in Resources */,
				0B247E94268DC58100B67305 /* Main.storyboard in Resources */,
			);
			runOnlyForDeploymentPostprocessing = 0;
		};
/* End PBXResourcesBuildPhase section */

/* Begin PBXSourcesBuildPhase section */
		0B247E87268DC58100B67305 /* Sources */ = {
			isa = PBXSourcesBuildPhase;
			buildActionMask = 2147483647;
			files = (
				0B176F042692E54500371853 /* LeaderboardVC.swift in Sources */,
				0B247EA1268DCF4500B67305 /* extension.swift in Sources */,
				0B247E91268DC58100B67305 /* ViewController.swift in Sources */,
				0B247E8F268DC58100B67305 /* AppDelegate.swift in Sources */,
			);
			runOnlyForDeploymentPostprocessing = 0;
		};
/* End PBXSourcesBuildPhase section */

/* Begin PBXVariantGroup section */
		0B247E92268DC58100B67305 /* Main.storyboard */ = {
			isa = PBXVariantGroup;
			children = (
				0B247E93268DC58100B67305 /* Base */,
			);
			name = Main.storyboard;
			sourceTree = "<group>";
		};
		0B247E97268DC58800B67305 /* LaunchScreen.storyboard */ = {
			isa = PBXVariantGroup;
			children = (
				0B247E98268DC58800B67305 /* Base */,
			);
			name = LaunchScreen.storyboard;
			sourceTree = "<group>";
		};
/* End PBXVariantGroup section */

/* Begin XCBuildConfiguration section */
		0B247E9B268DC58800B67305 /* Debug */ = {
			isa = XCBuildConfiguration;
			buildSettings = {
				ALWAYS_SEARCH_USER_PATHS = NO;
				CLANG_ANALYZER_NONNULL = YES;
				CLANG_ANALYZER_NUMBER_OBJECT_CONVERSION = YES_AGGRESSIVE;
				CLANG_CXX_LANGUAGE_STANDARD = "gnu++14";
				CLANG_CXX_LIBRARY = "libc++";
				CLANG_ENABLE_MODULES = YES;
				CLANG_ENABLE_OBJC_ARC = YES;
				CLANG_ENABLE_OBJC_WEAK = YES;
				CLANG_WARN_BLOCK_CAPTURE_AUTORELEASING = YES;
				CLANG_WARN_BOOL_CONVERSION = YES;
				CLANG_WARN_COMMA = YES;
				CLANG_WARN_CONSTANT_CONVERSION = YES;
				CLANG_WARN_DEPRECATED_OBJC_IMPLEMENTATIONS = YES;
				CLANG_WARN_DIRECT_OBJC_ISA_USAGE = YES_ERROR;
				CLANG_WARN_DOCUMENTATION_COMMENTS = YES;
				CLANG_WARN_EMPTY_BODY = YES;
				CLANG_WARN_ENUM_CONVERSION = YES;
				CLANG_WARN_INFINITE_RECURSION = YES;
				CLANG_WARN_INT_CONVERSION = YES;
				CLANG_WARN_NON_LITERAL_NULL_CONVERSION = YES;
				CLANG_WARN_OBJC_IMPLICIT_RETAIN_SELF = YES;
				CLANG_WARN_OBJC_LITERAL_CONVERSION = YES;
				CLANG_WARN_OBJC_ROOT_CLASS = YES_ERROR;
				CLANG_WARN_RANGE_LOOP_ANALYSIS = YES;
				CLANG_WARN_STRICT_PROTOTYPES = YES;
				CLANG_WARN_SUSPICIOUS_MOVE = YES;
				CLANG_WARN_UNGUARDED_AVAILABILITY = YES_AGGRESSIVE;
				CLANG_WARN_UNREACHABLE_CODE = YES;
				CLANG_WARN__DUPLICATE_METHOD_MATCH = YES;
				CODE_SIGN_IDENTITY = "iPhone Developer";
				COPY_PHASE_STRIP = NO;
				DEBUG_INFORMATION_FORMAT = dwarf;
				ENABLE_STRICT_OBJC_MSGSEND = YES;
				ENABLE_TESTABILITY = YES;
				GCC_C_LANGUAGE_STANDARD = gnu11;
				GCC_DYNAMIC_NO_PIC = NO;
				GCC_NO_COMMON_BLOCKS = YES;
				GCC_OPTIMIZATION_LEVEL = 0;
				GCC_PREPROCESSOR_DEFINITIONS = (
					"DEBUG=1",
					"$(inherited)",
				);
				GCC_WARN_64_TO_32_BIT_CONVERSION = YES;
				GCC_WARN_ABOUT_RETURN_TYPE = YES_ERROR;
				GCC_WARN_UNDECLARED_SELECTOR = YES;
				GCC_WARN_UNINITIALIZED_AUTOS = YES_AGGRESSIVE;
				GCC_WARN_UNUSED_FUNCTION = YES;
				GCC_WARN_UNUSED_VARIABLE = YES;
				IPHONEOS_DEPLOYMENT_TARGET = 12.2;
				MTL_ENABLE_DEBUG_INFO = INCLUDE_SOURCE;
				MTL_FAST_MATH = YES;
				ONLY_ACTIVE_ARCH = YES;
				SDKROOT = iphoneos;
				SWIFT_ACTIVE_COMPILATION_CONDITIONS = DEBUG;
				SWIFT_OPTIMIZATION_LEVEL = "-Onone";
			};
			name = Debug;
		};
		0B247E9C268DC58800B67305 /* Release */ = {
			isa = XCBuildConfiguration;
			buildSettings = {
				ALWAYS_SEARCH_USER_PATHS = NO;
				CLANG_ANALYZER_NONNULL = YES;
				CLANG_ANALYZER_NUMBER_OBJECT_CONVERSION = YES_AGGRESSIVE;
				CLANG_CXX_LANGUAGE_STANDARD = "gnu++14";
				CLANG_CXX_LIBRARY = "libc++";
				CLANG_ENABLE_MODULES = YES;
				CLANG_ENABLE_OBJC_ARC = YES;
				CLANG_ENABLE_OBJC_WEAK = YES;
				CLANG_WARN_BLOCK_CAPTURE_AUTORELEASING = YES;
				CLANG_WARN_BOOL_CONVERSION = YES;
				CLANG_WARN_COMMA = YES;
				CLANG_WARN_CONSTANT_CONVERSION = YES;
				CLANG_WARN_DEPRECATED_OBJC_IMPLEMENTATIONS = YES;
				CLANG_WARN_DIRECT_OBJC_ISA_USAGE = YES_ERROR;
				CLANG_WARN_DOCUMENTATION_COMMENTS = YES;
				CLANG_WARN_EMPTY_BODY = YES;
				CLANG_WARN_ENUM_CONVERSION = YES;
				CLANG_WARN_INFINITE_RECURSION = YES;
				CLANG_WARN_INT_CONVERSION = YES;
				CLANG_WARN_NON_LITERAL_NULL_CONVERSION = YES;
				CLANG_WARN_OBJC_IMPLICIT_RETAIN_SELF = YES;
				CLANG_WARN_OBJC_LITERAL_CONVERSION = YES;
				CLANG_WARN_OBJC_ROOT_CLASS = YES_ERROR;
				CLANG_WARN_RANGE_LOOP_ANALYSIS = YES;
				CLANG_WARN_STRICT_PROTOTYPES = YES;
				CLANG_WARN_SUSPICIOUS_MOVE = YES;
				CLANG_WARN_UNGUARDED_AVAILABILITY = YES_AGGRESSIVE;
				CLANG_WARN_UNREACHABLE_CODE = YES;
				CLANG_WARN__DUPLICATE_METHOD_MATCH = YES;
				CODE_SIGN_IDENTITY = "iPhone Developer";
				COPY_PHASE_STRIP = NO;
				DEBUG_INFORMATION_FORMAT = "dwarf-with-dsym";
				ENABLE_NS_ASSERTIONS = NO;
				ENABLE_STRICT_OBJC_MSGSEND = YES;
				GCC_C_LANGUAGE_STANDARD = gnu11;
				GCC_NO_COMMON_BLOCKS = YES;
				GCC_WARN_64_TO_32_BIT_CONVERSION = YES;
				GCC_WARN_ABOUT_RETURN_TYPE = YES_ERROR;
				GCC_WARN_UNDECLARED_SELECTOR = YES;
				GCC_WARN_UNINITIALIZED_AUTOS = YES_AGGRESSIVE;
				GCC_WARN_UNUSED_FUNCTION = YES;
				GCC_WARN_UNUSED_VARIABLE = YES;
				IPHONEOS_DEPLOYMENT_TARGET = 12.2;
				MTL_ENABLE_DEBUG_INFO = NO;
				MTL_FAST_MATH = YES;
				SDKROOT = iphoneos;
				SWIFT_COMPILATION_MODE = wholemodule;
				SWIFT_OPTIMIZATION_LEVEL = "-O";
				VALIDATE_PRODUCT = YES;
			};
			name = Release;
		};
		0B247E9E268DC58800B67305 /* Debug */ = {
			isa = XCBuildConfiguration;
			buildSettings = {
				ASSETCATALOG_COMPILER_APPICON_NAME = AppIcon;
				CODE_SIGN_STYLE = Automatic;
				INFOPLIST_FILE = "TapitGesture-UserDefault/Info.plist";
				LD_RUNPATH_SEARCH_PATHS = (
					"$(inherited)",
					"@executable_path/Frameworks",
				);
				PRODUCT_BUNDLE_IDENTIFIER = "in.ac.vnsgu.dcs.TapitGesture-UserDefault";
				PRODUCT_NAME = "$(TARGET_NAME)";
				SWIFT_VERSION = 5.0;
				TARGETED_DEVICE_FAMILY = "1,2";
			};
			name = Debug;
		};
		0B247E9F268DC58800B67305 /* Release */ = {
			isa = XCBuildConfiguration;
			buildSettings = {
				ASSETCATALOG_COMPILER_APPICON_NAME = AppIcon;
				CODE_SIGN_STYLE = Automatic;
				INFOPLIST_FILE = "TapitGesture-UserDefault/Info.plist";
				LD_RUNPATH_SEARCH_PATHS = (
					"$(inherited)",
					"@executable_path/Frameworks",
				);
				PRODUCT_BUNDLE_IDENTIFIER = "in.ac.vnsgu.dcs.TapitGesture-UserDefault";
				PRODUCT_NAME = "$(TARGET_NAME)";
				SWIFT_VERSION = 5.0;
				TARGETED_DEVICE_FAMILY = "1,2";
			};
			name = Release;
		};
/* End XCBuildConfiguration section */

/* Begin XCConfigurationList section */
		0B247E86268DC58100B67305 /* Build configuration list for PBXProject "TapitGesture-UserDefault" */ = {
			isa = XCConfigurationList;
			buildConfigurations = (
				0B247E9B268DC58800B67305 /* Debug */,
				0B247E9C268DC58800B67305 /* Release */,
			);
			defaultConfigurationIsVisible = 0;
			defaultConfigurationName = Release;
		};
		0B247E9D268DC58800B67305 /* Build configuration list for PBXNativeTarget "TapitGesture-UserDefault" */ = {
			isa = XCConfigurationList;
			buildConfigurations = (
				0B247E9E268DC58800B67305 /* Debug */,
				0B247E9F268DC58800B67305 /* Release */,
			);
			defaultConfigurationIsVisible = 0;
			defaultConfigurationName = Release;
		};
/* End XCConfigurationList section */
	};
	rootObject = 0B247E83268DC58100B67305 /* Project object */;
}
